{
    "_readme": [
        "This file locks the dependencies of your project to a known state",
        "Read more about it at http://getcomposer.org/doc/01-basic-usage.md#composer-lock-the-lock-file",
        "This file is @generated automatically"
    ],
    "hash": "23f319bf9043ecf80217d166d8b61018",
    "packages": [
        {
            "name": "composer/installers",
            "version": "dev-master",
            "source": {
                "type": "git",
                "url": "https://github.com/composer/installers.git",
                "reference": "d64e23fce42a4063d63262b19b8e7c0f3b5e4c45"
            },
            "dist": {
                "type": "zip",
                "url": "https://api.github.com/repos/composer/installers/zipball/d64e23fce42a4063d63262b19b8e7c0f3b5e4c45",
                "reference": "d64e23fce42a4063d63262b19b8e7c0f3b5e4c45",
                "shasum": ""
            },
            "replace": {
                "roundcube/plugin-installer": "*",
                "shama/baton": "*"
            },
            "require-dev": {
                "composer/composer": "1.0.*@dev",
                "phpunit/phpunit": "4.1.*"
            },
            "type": "composer-installer",
            "extra": {
                "class": "Composer\\Installers\\Installer",
                "branch-alias": {
                    "dev-master": "1.0-dev"
                }
            },
            "autoload": {
                "psr-0": {
                    "Composer\\Installers\\": "src/"
                }
            },
            "notification-url": "https://packagist.org/downloads/",
            "license": [
                "MIT"
            ],
            "authors": [
                {
                    "name": "Kyle Robinson Young",
                    "email": "kyle@dontkry.com",
                    "homepage": "https://github.com/shama"
                }
            ],
            "description": "A multi-framework Composer library installer",
            "homepage": "http://composer.github.com/installers/",
            "keywords": [
                "Craft",
                "Dolibarr",
                "Hurad",
                "MODX Evo",
                "OXID",
                "SMF",
                "Thelia",
                "WolfCMS",
                "agl",
                "aimeos",
                "annotatecms",
                "bitrix",
                "cakephp",
                "chef",
                "codeigniter",
                "concrete5",
                "croogo",
                "dokuwiki",
                "drupal",
                "elgg",
                "fuelphp",
                "grav",
                "installer",
                "joomla",
                "kohana",
                "laravel",
                "lithium",
                "magento",
                "mako",
                "mediawiki",
                "modulework",
                "moodle",
                "phpbb",
                "piwik",
                "ppi",
                "puppet",
                "roundcube",
                "shopware",
                "silverstripe",
                "symfony",
                "typo3",
                "wordpress",
                "zend",
                "zikula"
            ],
            "time": "2015-02-18 17:17:01"
        },
        {
            "name": "google/apiclient",
            "version": "1.1.2",
            "source": {
                "type": "git",
                "url": "https://github.com/google/google-api-php-client.git",
                "reference": "9c35bbbbaf04a5236d763560dab1e2f6e672a724"
            },
            "dist": {
                "type": "zip",
                "url": "https://api.github.com/repos/google/google-api-php-client/zipball/9c35bbbbaf04a5236d763560dab1e2f6e672a724",
                "reference": "9c35bbbbaf04a5236d763560dab1e2f6e672a724",
                "shasum": ""
            },
            "require": {
                "php": ">=5.2.1"
            },
            "require-dev": {
                "phpunit/phpunit": "3.7.*"
            },
            "type": "library",
            "extra": {
                "branch-alias": {
                    "dev-master": "1.1.x-dev"
                }
            },
            "autoload": {
                "classmap": [
                    "src/"
                ]
            },
            "notification-url": "https://packagist.org/downloads/",
            "license": [
                "Apache-2.0"
            ],
            "description": "Client library for Google APIs",
            "homepage": "http://developers.google.com/api-client-library/php",
            "keywords": [
                "google"
            ],
            "time": "2014-11-25 14:35:03"
        },
        {
            "name": "usabilitydynamics/lib-settings",
            "version": "master",
            "source": {
                "type": "git",
                "url": "git@github.com:usabilitydynamics/lib-settings",
                "reference": "master"
            },
            "dist": {
                "type": "zip",
                "url": "https://github.com/usabilitydynamics/lib-settings/archive/master.zip",
                "reference": null,
                "shasum": null
            },
            "require": {
                "usabilitydynamics/lib-utility": "~0.3"
            },
            "require-dev": {
                "justinrainbow/json-schema": "1.1.*"
            },
            "type": "library",
            "extra": {
                "component": {
                    "scripts": [
                        "static/scripts/settings.js"
                    ],
                    "templates": [
                        "static/views/new-installation.xhtml"
                    ],
                    "files": [
                        "static/schemas/settings.json"
                    ]
                }
            },
            "autoload": {
                "classmap": [
                    "lib"
                ]
            },
            "license": [
                "MIT"
            ],
            "authors": [
                {
                    "name": "Andy Potanin",
                    "email": "andy.potanin@usabilitydynamics.com",
                    "homepage": "http://usabilitydynamics.com",
                    "role": "Developer"
                },
                {
                    "name": "Maxim Peshkov",
                    "email": "maxim.peshkov@usabilitydynamics.com",
                    "homepage": "http://usabilitydynamics.com",
                    "role": "Developer"
                },
                {
                    "name": "Anton Korotkov",
                    "email": "anton.korotkov@usabilitydynamics.com",
                    "homepage": "http://usabilitydynamics.com",
                    "role": "Developer"
                }
            ],
            "homepage": "http://github.com/usabilitydynamics/lib-settings",
            "keywords": [
                "settings"
            ]
        },
        {
            "name": "usabilitydynamics/lib-utility",
            "version": "0.3.6",
            "source": {
                "type": "git",
                "url": "git@github.com:usabilitydynamics/lib-utility",
                "reference": "0.3.6"
            },
            "dist": {
                "type": "zip",
                "url": "https://github.com/usabilitydynamics/lib-utility/archive/0.3.6.zip",
                "reference": null,
                "shasum": null
            },
            "require-dev": {
                "phpunit/phpunit": "4.1.*"
            },
            "type": "library",
            "extra": {
                "installer-name": "lib-utility",
                "component": {
                    "name": "utility",
                    "scripts": [
                        "scripts/*.js"
                    ]
                }
            },
            "autoload": {
                "classmap": [
                    "lib"
                ]
            },
            "license": [
                "MIT"
            ],
            "authors": [
                {
                    "name": "Andy Potanin",
                    "email": "andy.potanin@usabilitydynamics.com",
                    "homepage": "http://usabilitydynamics.com",
                    "role": "Developer"
                },
                {
                    "name": "Maxim Peshkov",
                    "email": "maxim.peshkov@usabilitydynamics.com",
                    "homepage": "http://usabilitydynamics.com",
                    "role": "Developer"
                },
                {
                    "name": "Anton Korotkov",
                    "email": "anton.korotkov@usabilitydynamics.com",
                    "homepage": "http://usabilitydynamics.com",
                    "role": "Developer"
                }
            ],
            "keywords": [
                "job",
                "process",
                "utility"
            ]
        },
        {
            "name": "usabilitydynamics/lib-wp-bootstrap",
            "version": "master",
            "source": {
                "type": "git",
                "url": "git@github.com:usabilitydynamics/lib-wp-bootstrap",
                "reference": "master"
            },
            "dist": {
                "type": "zip",
                "url": "https://github.com/usabilitydynamics/lib-wp-bootstrap/archive/master.zip",
                "reference": null,
                "shasum": null
            },
            "require": {
                "php": ">=5.3",
                "usabilitydynamics/lib-utility": "~0.3"
            },
            "type": "library",
            "autoload": {
                "classmap": [
                    "lib/classes"
                ]
            },
            "license": [
                "MIT"
            ],
            "description": "Wordpress bootstrap library created by UsabilityDynamics",
            "homepage": "https://github.com/usabilitydynamics/lib-wp-bootstrap",
            "keywords": [
                "wordpress"
            ]
        }
    ],
    "packages-dev": null,
    "aliases": [],
    "minimum-stability": "dev",
    "stability-flags": [],
    "prefer-stable": false,
    "platform": {
        "php": ">=5.3"
    },
    "platform-dev": []
}
