{
    "_readme": [
        "This file locks the dependencies of your project to a known state",
        "Read more about it at https://getcomposer.org/doc/01-basic-usage.md#composer-lock-the-lock-file",
        "This file is @generated automatically"
    ],
    "hash": "fdb5ee5afb3129b576b6903ef18e2096",
    "content-hash": "66de494935d4f618c13f6c371ea20661",
    "packages": [
        {
            "name": "google/apiclient",
            "version": "1.1.2",
            "source": {
                "type": "git",
                "url": "https://github.com/google/google-api-php-client.git",
                "reference": "9c35bbbbaf04a5236d763560dab1e2f6e672a724"
            },
            "dist": {
                "type": "zip",
                "url": "https://api.github.com/repos/google/google-api-php-client/zipball/9c35bbbbaf04a5236d763560dab1e2f6e672a724",
                "reference": "9c35bbbbaf04a5236d763560dab1e2f6e672a724",
                "shasum": ""
            },
            "require": {
                "php": ">=5.2.1"
            },
            "require-dev": {
                "phpunit/phpunit": "3.7.*"
            },
            "type": "library",
            "extra": {
                "branch-alias": {
                    "dev-master": "1.1.x-dev"
                }
            },
            "autoload": {
                "classmap": [
                    "src/"
                ]
            },
            "notification-url": "https://packagist.org/downloads/",
            "license": [
                "Apache-2.0"
            ],
            "description": "Client library for Google APIs",
            "homepage": "http://developers.google.com/api-client-library/php",
            "keywords": [
                "google"
            ],
            "time": "2014-11-25 14:35:03"
        },
        {
            "name": "usabilitydynamics/lib-settings",
            "version": "0.2.3",
            "source": {
                "type": "git",
                "url": "git@github.com:UsabilityDynamics/lib-settings",
                "reference": "0.2.3"
            },
            "dist": {
                "type": "zip",
                "url": "https://github.com/UsabilityDynamics/lib-settings/archive/0.2.3.zip",
                "reference": null,
                "shasum": null
            },
            "require": {
                "usabilitydynamics/lib-utility": "~0.3"
            },
            "require-dev": {
                "justinrainbow/json-schema": "1.1.*"
            },
            "type": "library",
            "extra": {
                "component": {
                    "scripts": [
                        "static/scripts/settings.js"
                    ],
                    "templates": [
                        "static/views/new-installation.xhtml"
                    ],
                    "files": [
                        "static/schemas/settings.json"
                    ]
                },
                "installer-name": "lib-settings"
            },
            "autoload": {
                "classmap": [
                    "lib"
                ]
            },
            "license": [
                "MIT"
            ],
            "authors": [
                {
                    "name": "Andy Potanin",
                    "email": "andy.potanin@usabilitydynamics.com",
                    "homepage": "http://usabilitydynamics.com",
                    "role": "Developer"
                },
                {
                    "name": "Maxim Peshkov",
                    "email": "maxim.peshkov@usabilitydynamics.com",
                    "homepage": "http://usabilitydynamics.com",
                    "role": "Developer"
                },
                {
                    "name": "Anton Korotkov",
                    "email": "anton.korotkov@usabilitydynamics.com",
                    "homepage": "http://usabilitydynamics.com",
                    "role": "Developer"
                }
            ],
            "homepage": "http://github.com/usabilitydynamics/lib-settings",
            "keywords": [
                "settings"
            ]
        },
        {
            "name": "usabilitydynamics/lib-utility",
            "version": "0.3.6",
            "source": {
                "type": "git",
                "url": "git@github.com:UsabilityDynamics/lib-utility",
                "reference": "0.3.6"
            },
            "dist": {
                "type": "zip",
                "url": "https://github.com/UsabilityDynamics/lib-utility/archive/0.3.6.zip",
                "reference": null,
                "shasum": null
            },
            "require-dev": {
                "phpunit/phpunit": "4.1.*"
            },
            "type": "library",
            "extra": {
                "installer-name": "lib-utility",
                "component": {
                    "name": "utility",
                    "scripts": [
                        "scripts/*.js"
                    ]
                }
            },
            "autoload": {
                "classmap": [
                    "lib"
                ]
            },
            "license": [
                "MIT"
            ],
            "authors": [
                {
                    "name": "Andy Potanin",
                    "email": "andy.potanin@usabilitydynamics.com",
                    "homepage": "http://usabilitydynamics.com",
                    "role": "Developer"
                },
                {
                    "name": "Maxim Peshkov",
                    "email": "maxim.peshkov@usabilitydynamics.com",
                    "homepage": "http://usabilitydynamics.com",
                    "role": "Developer"
                },
                {
                    "name": "Anton Korotkov",
                    "email": "anton.korotkov@usabilitydynamics.com",
                    "homepage": "http://usabilitydynamics.com",
                    "role": "Developer"
                }
            ],
            "keywords": [
                "job",
                "process",
                "utility"
            ]
        },
        {
            "name": "usabilitydynamics/lib-wp-bootstrap",
            "version": "1.1.9",
            "source": {
                "type": "git",
                "url": "git@github.com:UsabilityDynamics/lib-wp-bootstrap",
                "reference": "1.1.9"
            },
            "dist": {
                "type": "zip",
                "url": "https://github.com/UsabilityDynamics/lib-wp-bootstrap/archive/1.1.9.zip",
                "reference": null,
                "shasum": null
            },
            "require": {
                "php": ">=5.3",
                "usabilitydynamics/lib-utility": "~0.3"
            },
            "type": "library",
            "extra": {
                "installer-name": "lib-wp-bootstrap"
            },
            "autoload": {
                "classmap": [
                    "lib/classes"
                ]
            },
            "license": [
                "MIT"
            ],
            "description": "Wordpress bootstrap library created by UsabilityDynamics",
            "homepage": "https://github.com/UsabilityDynamics/lib-wp-bootstrap",
            "keywords": [
                "wordpress"
            ]
        }
    ],
    "packages-dev": null,
    "aliases": [],
    "minimum-stability": "dev",
    "stability-flags": [],
    "prefer-stable": false,
    "prefer-lowest": false,
    "platform": {
        "php": ">=5.3"
    },
    "platform-dev": []
}
